
Microsoft Visual Studio Solution File, Format Version 12.00
# Visual Studio Version 17
VisualStudioVersion = 17.9.34616.47
MinimumVisualStudioVersion = 10.0.40219.1
Project("{FAE04EC0-301F-11D3-BF4B-00C04F79EFBC}") = "TestProject1", "TestProject1\TestProject1.csproj", "{42E19145-4539-4A1A-8B11-46D522265886}"
EndProject
Project("{FAE04EC0-301F-11D3-BF4B-00C04F79EFBC}") = "NoTemplate", "..\NoTemplate\NoTemplate.csproj", "{9F32FD6F-B522-4A4A-8BCC-EE5364968420}"
EndProject
Global
	GlobalSection(SolutionConfigurationPlatforms) = preSolution
		Debug|Any CPU = Debug|Any CPU
		Release|Any CPU = Release|Any CPU
	EndGlobalSection
	GlobalSection(ProjectConfigurationPlatforms) = postSolution
		{42E19145-4539-4A1A-8B11-46D522265886}.Debug|Any CPU.ActiveCfg = Debug|Any CPU
		{42E19145-4539-4A1A-8B11-46D522265886}.Debug|Any CPU.Build.0 = Debug|Any CPU
		{42E19145-4539-4A1A-8B11-46D522265886}.Release|Any CPU.ActiveCfg = Release|Any CPU
		{42E19145-4539-4A1A-8B11-46D522265886}.Release|Any CPU.Build.0 = Release|Any CPU
		{9F32FD6F-B522-4A4A-8BCC-EE5364968420}.Debug|Any CPU.ActiveCfg = Debug|Any CPU
		{9F32FD6F-B522-4A4A-8BCC-EE5364968420}.Debug|Any CPU.Build.0 = Debug|Any CPU
		{9F32FD6F-B522-4A4A-8BCC-EE5364968420}.Release|Any CPU.ActiveCfg = Release|Any CPU
		{9F32FD6F-B522-4A4A-8BCC-EE5364968420}.Release|Any CPU.Build.0 = Release|Any CPU
	EndGlobalSection
	GlobalSection(SolutionProperties) = preSolution
		HideSolutionNode = FALSE
	EndGlobalSection
	GlobalSection(ExtensibilityGlobals) = postSolution
		SolutionGuid = {BF7F9225-DBED-46F6-8DEE-A6E963B5DECA}
	EndGlobalSection
EndGlobal
